
Microsoft Visual Studio Solution File, Format Version 12.00
# Visual Studio Version 17
VisualStudioVersion = 17.2.32630.192
MinimumVisualStudioVersion = 10.0.40219.1
Project("{2150E333-8FDC-42A3-9474-1A3956D46DE8}") = "Services", "Services", "{A57CA8D6-DD37-4F98-9275-11B692448663}"
EndProject
Project("{2150E333-8FDC-42A3-9474-1A3956D46DE8}") = "Catalog", "Catalog", "{0C2D4575-3B9F-49AF-9B30-61A38EA97AD7}"
EndProject
Project("{9A19103F-16F7-4668-BE54-9A1E7A4F7556}") = "Catalog.API", "Services\Catalog\Catalog.API\Catalog.API.csproj", "{735E98EE-44A8-4CED-85EA-0C2A9738E856}"
EndProject
Project("{E53339B2-1760-4266-BCC7-CA923CBCF16C}") = "docker-compose", "docker-compose.dcproj", "{C7A73D86-7296-44D5-A29B-3E85963F0766}"
EndProject
Project("{2150E333-8FDC-42A3-9474-1A3956D46DE8}") = "Basket", "Basket", "{56736D27-3C3F-45B1-8F3F-4752448FB9BB}"
EndProject
Project("{FAE04EC0-301F-11D3-BF4B-00C04F79EFBC}") = "Basket.API", "..\Services\Basket\Basket.API\Basket.API.csproj", "{9815D3DE-E881-4679-A53F-CCADEB24B816}"
EndProject
Global
	GlobalSection(SolutionConfigurationPlatforms) = preSolution
		Debug|Any CPU = Debug|Any CPU
		Release|Any CPU = Release|Any CPU
	EndGlobalSection
	GlobalSection(ProjectConfigurationPlatforms) = postSolution
		{735E98EE-44A8-4CED-85EA-0C2A9738E856}.Debug|Any CPU.ActiveCfg = Debug|Any CPU
		{735E98EE-44A8-4CED-85EA-0C2A9738E856}.Debug|Any CPU.Build.0 = Debug|Any CPU
		{735E98EE-44A8-4CED-85EA-0C2A9738E856}.Release|Any CPU.ActiveCfg = Release|Any CPU
		{735E98EE-44A8-4CED-85EA-0C2A9738E856}.Release|Any CPU.Build.0 = Release|Any CPU
		{C7A73D86-7296-44D5-A29B-3E85963F0766}.Debug|Any CPU.ActiveCfg = Debug|Any CPU
		{C7A73D86-7296-44D5-A29B-3E85963F0766}.Debug|Any CPU.Build.0 = Debug|Any CPU
		{C7A73D86-7296-44D5-A29B-3E85963F0766}.Release|Any CPU.ActiveCfg = Release|Any CPU
		{C7A73D86-7296-44D5-A29B-3E85963F0766}.Release|Any CPU.Build.0 = Release|Any CPU
		{9815D3DE-E881-4679-A53F-CCADEB24B816}.Debug|Any CPU.ActiveCfg = Debug|Any CPU
		{9815D3DE-E881-4679-A53F-CCADEB24B816}.Debug|Any CPU.Build.0 = Debug|Any CPU
		{9815D3DE-E881-4679-A53F-CCADEB24B816}.Release|Any CPU.ActiveCfg = Release|Any CPU
		{9815D3DE-E881-4679-A53F-CCADEB24B816}.Release|Any CPU.Build.0 = Release|Any CPU
	EndGlobalSection
	GlobalSection(SolutionProperties) = preSolution
		HideSolutionNode = FALSE
	EndGlobalSection
	GlobalSection(NestedProjects) = preSolution
		{0C2D4575-3B9F-49AF-9B30-61A38EA97AD7} = {A57CA8D6-DD37-4F98-9275-11B692448663}
		{735E98EE-44A8-4CED-85EA-0C2A9738E856} = {0C2D4575-3B9F-49AF-9B30-61A38EA97AD7}
		{56736D27-3C3F-45B1-8F3F-4752448FB9BB} = {A57CA8D6-DD37-4F98-9275-11B692448663}
		{9815D3DE-E881-4679-A53F-CCADEB24B816} = {56736D27-3C3F-45B1-8F3F-4752448FB9BB}
	EndGlobalSection
	GlobalSection(ExtensibilityGlobals) = postSolution
		SolutionGuid = {AF64BB1F-2B0F-4424-BE93-9DE4C1607880}
	EndGlobalSection
EndGlobal
